
Microsoft Visual Studio Solution File, Format Version 12.00
# Visual Studio 15
VisualStudioVersion = 15.0.27428.2011
MinimumVisualStudioVersion = 10.0.40219.1
Project("{FAE04EC0-301F-11D3-BF4B-00C04F79EFBC}") = "AssetManangementOma", "AssetManangementOma\AssetManangementOma.csproj", "{6AE4C7A7-4D4A-4FAA-B603-165FAF05387E}"
EndProject
Global
	GlobalSection(SolutionConfigurationPlatforms) = preSolution
		Debug|Any CPU = Debug|Any CPU
		Release|Any CPU = Release|Any CPU
	EndGlobalSection
	GlobalSection(ProjectConfigurationPlatforms) = postSolution
		{6AE4C7A7-4D4A-4FAA-B603-165FAF05387E}.Debug|Any CPU.ActiveCfg = Debug|Any CPU
		{6AE4C7A7-4D4A-4FAA-B603-165FAF05387E}.Debug|Any CPU.Build.0 = Debug|Any CPU
		{6AE4C7A7-4D4A-4FAA-B603-165FAF05387E}.Release|Any CPU.ActiveCfg = Release|Any CPU
		{6AE4C7A7-4D4A-4FAA-B603-165FAF05387E}.Release|Any CPU.Build.0 = Release|Any CPU
	EndGlobalSection
	GlobalSection(SolutionProperties) = preSolution
		HideSolutionNode = FALSE
	EndGlobalSection
	GlobalSection(ExtensibilityGlobals) = postSolution
		SolutionGuid = {0BD8F8D5-C40D-4EE1-8BD4-2549D24C098A}
	EndGlobalSection
EndGlobal
